Microsoft Visual Studio Solution File, Format Version 12.00
# Visual Studio Version 17
VisualStudioVersion = 17.0.31903.59
MinimumVisualStudioVersion = 10.0.40219.1
Project("{BC8A1FFA-BEE3-4634-8014-F334798102B3}") = "RadBruter", "RadBruter.vcxproj", "{9FC69108-265F-46FC-B362-37BD6046EA82}"
EndProject
Project("{BC8A1FFA-BEE3-4634-8014-F334798102B3}") = "Platform", "msbuild\Platform.vcxproj", "{2026331C-1F7A-504C-B0E4-4858448F0236}"
EndProject
Project("{BC8A1FFA-BEE3-4634-8014-F334798102B3}") = "ZHLT", "msbuild\ZHLT.vcxproj", "{9B6E80BB-295E-5677-832F-6832313ABFD7}"
EndProject
Project("{BC8A1FFA-BEE3-4634-8014-F334798102B3}") = "VHLT", "msbuild\VHLT.vcxproj", "{4A702E50-35B3-5B0F-9C2E-72209D0936C2}"
EndProject
Project("{BC8A1FFA-BEE3-4634-8014-F334798102B3}") = "SDHLT", "msbuild\SDHLT.vcxproj", "{1B1E02E9-9736-5C4A-9AF1-CF912C24AD73}"
EndProject
Project("{2150E333-8FDC-42A3-9474-1A3956D46DE8}") = "Internals", "Internals", "{76DA65D8-169D-5015-99E8-9FFDF81536A0}"
EndProject
Global
	GlobalSection(SolutionConfigurationPlatforms) = preSolution
		Debug|x64 = Debug|x64
		Release|x64 = Release|x64
	EndGlobalSection
	GlobalSection(ProjectConfigurationPlatforms) = postSolution
		{9FC69108-265F-46FC-B362-37BD6046EA82}.Debug|x64.ActiveCfg = Debug|x64
		{9FC69108-265F-46FC-B362-37BD6046EA82}.Debug|x64.Build.0 = Debug|x64
		{9FC69108-265F-46FC-B362-37BD6046EA82}.Release|x64.ActiveCfg = Release|x64
		{9FC69108-265F-46FC-B362-37BD6046EA82}.Release|x64.Build.0 = Release|x64
		{2026331C-1F7A-504C-B0E4-4858448F0236}.Debug|x64.ActiveCfg = Debug|x64
		{2026331C-1F7A-504C-B0E4-4858448F0236}.Debug|x64.Build.0 = Debug|x64
		{2026331C-1F7A-504C-B0E4-4858448F0236}.Release|x64.ActiveCfg = Release|x64
		{2026331C-1F7A-504C-B0E4-4858448F0236}.Release|x64.Build.0 = Release|x64
		{9B6E80BB-295E-5677-832F-6832313ABFD7}.Debug|x64.ActiveCfg = Debug|x64
		{9B6E80BB-295E-5677-832F-6832313ABFD7}.Debug|x64.Build.0 = Debug|x64
		{9B6E80BB-295E-5677-832F-6832313ABFD7}.Release|x64.ActiveCfg = Release|x64
		{9B6E80BB-295E-5677-832F-6832313ABFD7}.Release|x64.Build.0 = Release|x64
		{4A702E50-35B3-5B0F-9C2E-72209D0936C2}.Debug|x64.ActiveCfg = Debug|x64
		{4A702E50-35B3-5B0F-9C2E-72209D0936C2}.Debug|x64.Build.0 = Debug|x64
		{4A702E50-35B3-5B0F-9C2E-72209D0936C2}.Release|x64.ActiveCfg = Release|x64
		{4A702E50-35B3-5B0F-9C2E-72209D0936C2}.Release|x64.Build.0 = Release|x64
		{1B1E02E9-9736-5C4A-9AF1-CF912C24AD73}.Debug|x64.ActiveCfg = Debug|x64
		{1B1E02E9-9736-5C4A-9AF1-CF912C24AD73}.Debug|x64.Build.0 = Debug|x64
		{1B1E02E9-9736-5C4A-9AF1-CF912C24AD73}.Release|x64.ActiveCfg = Release|x64
		{1B1E02E9-9736-5C4A-9AF1-CF912C24AD73}.Release|x64.Build.0 = Release|x64
	EndGlobalSection
	GlobalSection(NestedProjects) = preSolution
		{2026331C-1F7A-504C-B0E4-4858448F0236} = {76DA65D8-169D-5015-99E8-9FFDF81536A0}
		{9B6E80BB-295E-5677-832F-6832313ABFD7} = {76DA65D8-169D-5015-99E8-9FFDF81536A0}
		{4A702E50-35B3-5B0F-9C2E-72209D0936C2} = {76DA65D8-169D-5015-99E8-9FFDF81536A0}
		{1B1E02E9-9736-5C4A-9AF1-CF912C24AD73} = {76DA65D8-169D-5015-99E8-9FFDF81536A0}
	EndGlobalSection
EndGlobal
